
Microsoft Visual Studio Solution File, Format Version 12.00
# Visual Studio Version 17
VisualStudioVersion = 17.3.32922.545
MinimumVisualStudioVersion = 10.0.40219.1
Project("{9A19103F-16F7-4668-BE54-9A1E7A4F7556}") = "GameWorld classes PC", "GameWorld classes\GameWorld classes PC.csproj", "{A100B629-3232-4CD9-A9D3-2E5F5C524835}"
EndProject
Project("{FAE04EC0-301F-11D3-BF4B-00C04F79EFBC}") = "GameWorldClassesUpgrade", "GameWorldClassesUpgrade\GameWorldClassesUpgrade.csproj", "{89A4D4DB-AAC2-4255-BC04-0E3186882ADC}"
EndProject
Global
	GlobalSection(SolutionConfigurationPlatforms) = preSolution
		Debug|Any CPU = Debug|Any CPU
		Release|Any CPU = Release|Any CPU
	EndGlobalSection
	GlobalSection(ProjectConfigurationPlatforms) = postSolution
		{A100B629-3232-4CD9-A9D3-2E5F5C524835}.Debug|Any CPU.ActiveCfg = Debug|Any CPU
		{A100B629-3232-4CD9-A9D3-2E5F5C524835}.Debug|Any CPU.Build.0 = Debug|Any CPU
		{A100B629-3232-4CD9-A9D3-2E5F5C524835}.Release|Any CPU.ActiveCfg = Release|Any CPU
		{A100B629-3232-4CD9-A9D3-2E5F5C524835}.Release|Any CPU.Build.0 = Release|Any CPU
		{89A4D4DB-AAC2-4255-BC04-0E3186882ADC}.Debug|Any CPU.ActiveCfg = Debug|Any CPU
		{89A4D4DB-AAC2-4255-BC04-0E3186882ADC}.Debug|Any CPU.Build.0 = Debug|Any CPU
		{89A4D4DB-AAC2-4255-BC04-0E3186882ADC}.Release|Any CPU.ActiveCfg = Release|Any CPU
		{89A4D4DB-AAC2-4255-BC04-0E3186882ADC}.Release|Any CPU.Build.0 = Release|Any CPU
	EndGlobalSection
	GlobalSection(SolutionProperties) = preSolution
		HideSolutionNode = FALSE
	EndGlobalSection
	GlobalSection(ExtensibilityGlobals) = postSolution
		SolutionGuid = {3A31DA77-DDCC-43E3-B875-E0875E6B3020}
	EndGlobalSection
EndGlobal
